
Microsoft Visual Studio Solution File, Format Version 12.00
# Visual Studio 15
VisualStudioVersion = 15.0.28307.271
MinimumVisualStudioVersion = 10.0.40219.1
Project("{FAE04EC0-301F-11D3-BF4B-00C04F79EFBC}") = "firewall", "firewall\firewall.csproj", "{2F9D22DA-BFB9-44CA-9731-1C15A375A101}"
EndProject
Global
	GlobalSection(SolutionConfigurationPlatforms) = preSolution
		Debug|Any CPU = Debug|Any CPU
		Release|Any CPU = Release|Any CPU
	EndGlobalSection
	GlobalSection(ProjectConfigurationPlatforms) = postSolution
		{2F9D22DA-BFB9-44CA-9731-1C15A375A101}.Debug|Any CPU.ActiveCfg = Debug|Any CPU
		{2F9D22DA-BFB9-44CA-9731-1C15A375A101}.Debug|Any CPU.Build.0 = Debug|Any CPU
		{2F9D22DA-BFB9-44CA-9731-1C15A375A101}.Release|Any CPU.ActiveCfg = Release|Any CPU
		{2F9D22DA-BFB9-44CA-9731-1C15A375A101}.Release|Any CPU.Build.0 = Release|Any CPU
	EndGlobalSection
	GlobalSection(SolutionProperties) = preSolution
		HideSolutionNode = FALSE
	EndGlobalSection
	GlobalSection(ExtensibilityGlobals) = postSolution
		SolutionGuid = {55B26B33-07A1-4246-B210-05596B956DDA}
	EndGlobalSection
EndGlobal
